
Microsoft Visual Studio Solution File, Format Version 12.00
# Visual Studio Version 17
VisualStudioVersion = 17.10.35013.160
MinimumVisualStudioVersion = 10.0.40219.1
Project("{FAE04EC0-301F-11D3-BF4B-00C04F79EFBC}") = "DotNetDefaultWebApi", "DotNetDefaultWebApi.csproj", "{A8E90DE1-A16E-4746-B90F-BF22C5505359}"
EndProject
Global
	GlobalSection(SolutionConfigurationPlatforms) = preSolution
		Debug|Any CPU = Debug|Any CPU
		Release|Any CPU = Release|Any CPU
	EndGlobalSection
	GlobalSection(ProjectConfigurationPlatforms) = postSolution
		{A8E90DE1-A16E-4746-B90F-BF22C5505359}.Debug|Any CPU.ActiveCfg = Debug|Any CPU
		{A8E90DE1-A16E-4746-B90F-BF22C5505359}.Debug|Any CPU.Build.0 = Debug|Any CPU
		{A8E90DE1-A16E-4746-B90F-BF22C5505359}.Release|Any CPU.ActiveCfg = Release|Any CPU
		{A8E90DE1-A16E-4746-B90F-BF22C5505359}.Release|Any CPU.Build.0 = Release|Any CPU
	EndGlobalSection
	GlobalSection(SolutionProperties) = preSolution
		HideSolutionNode = FALSE
	EndGlobalSection
	GlobalSection(ExtensibilityGlobals) = postSolution
		SolutionGuid = {5C294A96-FBFD-4F74-BBF4-CF9034ABBE37}
	EndGlobalSection
EndGlobal
